// !$*UTF8*$!
{
	archiveVersion = 1;
	classes = {
	};
	objectVersion = 77;
	objects = {

/* Begin PBXContainerItemProxy section */
		49E5DFA12D73E83B00AEE302 /* PBXContainerItemProxy */ = {
			isa = PBXContainerItemProxy;
			containerPortal = 49E5DF872D73E83900AEE302 /* Project object */;
			proxyType = 1;
			remoteGlobalIDString = 49E5DF8E2D73E83900AEE302;
			remoteInfo = Node;
		};
		49E5DFAB2D73E83B00AEE302 /* PBXContainerItemProxy */ = {
			isa = PBXContainerItemProxy;
			containerPortal = 49E5DF872D73E83900AEE302 /* Project object */;
			proxyType = 1;
			remoteGlobalIDString = 49E5DF8E2D73E83900AEE302;
			remoteInfo = Node;
		};
/* End PBXContainerItemProxy section */

/* Begin PBXCopyFilesBuildPhase section */
		4984A33A2D95B5D300DD4326 /* CopyFiles */ = {
			isa = PBXCopyFilesBuildPhase;
			buildActionMask = 2147483647;
			dstPath = "";
			dstSubfolderSpec = 6;
			files = (
			);
			runOnlyForDeploymentPostprocessing = 0;
		};
/* End PBXCopyFilesBuildPhase section */

/* Begin PBXFileReference section */
		49E5DF8F2D73E83900AEE302 /* Node.app */ = {isa = PBXFileReference; explicitFileType = wrapper.application; includeInIndex = 0; path = Node.app; sourceTree = BUILT_PRODUCTS_DIR; };
		49E5DFA02D73E83B00AEE302 /* NodeTests.xctest */ = {isa = PBXFileReference; explicitFileType = wrapper.cfbundle; includeInIndex = 0; path = NodeTests.xctest; sourceTree = BUILT_PRODUCTS_DIR; };
		49E5DFAA2D73E83B00AEE302 /* NodeUITests.xctest */ = {isa = PBXFileReference; explicitFileType = wrapper.cfbundle; includeInIndex = 0; path = NodeUITests.xctest; sourceTree = BUILT_PRODUCTS_DIR; };
/* End PBXFileReference section */

/* Begin PBXFileSystemSynchronizedBuildFileExceptionSet section */
		4945E5822D7420AD00057BAF /* Exceptions for "Node" folder in "Node" target */ = {
			isa = PBXFileSystemSynchronizedBuildFileExceptionSet;
			membershipExceptions = (
				Info.plist,
			);
			target = 49E5DF8E2D73E83900AEE302 /* Node */;
		};
/* End PBXFileSystemSynchronizedBuildFileExceptionSet section */

/* Begin PBXFileSystemSynchronizedGroupBuildPhaseMembershipExceptionSet section */
		4984A3422D95BE7C00DD4326 /* Exceptions for "Node" folder in "Copy Files" phase from "Node" target */ = {
			isa = PBXFileSystemSynchronizedGroupBuildPhaseMembershipExceptionSet;
			attributesByRelativePath = {
				Executables/create_node = (CodeSignOnCopy, );
			};
			buildPhase = 4984A33A2D95B5D300DD4326 /* CopyFiles */;
			membershipExceptions = (
				Executables/create_node,
			);
		};
/* End PBXFileSystemSynchronizedGroupBuildPhaseMembershipExceptionSet section */

/* Begin PBXFileSystemSynchronizedRootGroup section */
		49E5DF912D73E83900AEE302 /* Node */ = {
			isa = PBXFileSystemSynchronizedRootGroup;
			exceptions = (
				4945E5822D7420AD00057BAF /* Exceptions for "Node" folder in "Node" target */,
				4984A3422D95BE7C00DD4326 /* Exceptions for "Node" folder in "Copy Files" phase from "Node" target */,
			);
			path = Node;
			sourceTree = "<group>";
		};
		49E5DFA32D73E83B00AEE302 /* NodeTests */ = {
			isa = PBXFileSystemSynchronizedRootGroup;
			path = NodeTests;
			sourceTree = "<group>";
		};
		49E5DFAD2D73E83B00AEE302 /* NodeUITests */ = {
			isa = PBXFileSystemSynchronizedRootGroup;
			path = NodeUITests;
			sourceTree = "<group>";
		};
/* End PBXFileSystemSynchronizedRootGroup section */

/* Begin PBXFrameworksBuildPhase section */
		49E5DF8C2D73E83900AEE302 /* Frameworks */ = {
			isa = PBXFrameworksBuildPhase;
			buildActionMask = 2147483647;
			files = (
			);
			runOnlyForDeploymentPostprocessing = 0;
		};
		49E5DF9D2D73E83B00AEE302 /* Frameworks */ = {
			isa = PBXFrameworksBuildPhase;
			buildActionMask = 2147483647;
			files = (
			);
			runOnlyForDeploymentPostprocessing = 0;
		};
		49E5DFA72D73E83B00AEE302 /* Frameworks */ = {
			isa = PBXFrameworksBuildPhase;
			buildActionMask = 2147483647;
			files = (
			);
			runOnlyForDeploymentPostprocessing = 0;
		};
/* End PBXFrameworksBuildPhase section */

/* Begin PBXGroup section */
		49E5DF862D73E83900AEE302 = {
			isa = PBXGroup;
			children = (
				49E5DF912D73E83900AEE302 /* Node */,
				49E5DFA32D73E83B00AEE302 /* NodeTests */,
				49E5DFAD2D73E83B00AEE302 /* NodeUITests */,
				49E5DF902D73E83900AEE302 /* Products */,
			);
			sourceTree = "<group>";
		};
		49E5DF902D73E83900AEE302 /* Products */ = {
			isa = PBXGroup;
			children = (
				49E5DF8F2D73E83900AEE302 /* Node.app */,
				49E5DFA02D73E83B00AEE302 /* NodeTests.xctest */,
				49E5DFAA2D73E83B00AEE302 /* NodeUITests.xctest */,
			);
			name = Products;
			sourceTree = "<group>";
		};
/* End PBXGroup section */

/* Begin PBXNativeTarget section */
		49E5DF8E2D73E83900AEE302 /* Node */ = {
			isa = PBXNativeTarget;
			buildConfigurationList = 49E5DFB42D73E83B00AEE302 /* Build configuration list for PBXNativeTarget "Node" */;
			buildPhases = (
				49E5DF8B2D73E83900AEE302 /* Sources */,
				49E5DF8C2D73E83900AEE302 /* Frameworks */,
				49E5DF8D2D73E83900AEE302 /* Resources */,
				4984A33A2D95B5D300DD4326 /* CopyFiles */,
			);
			buildRules = (
			);
			dependencies = (
			);
			fileSystemSynchronizedGroups = (
				49E5DF912D73E83900AEE302 /* Node */,
			);
			name = Node;
			packageProductDependencies = (
			);
			productName = Node;
			productReference = 49E5DF8F2D73E83900AEE302 /* Node.app */;
			productType = "com.apple.product-type.application";
		};
		49E5DF9F2D73E83B00AEE302 /* NodeTests */ = {
			isa = PBXNativeTarget;
			buildConfigurationList = 49E5DFB72D73E83B00AEE302 /* Build configuration list for PBXNativeTarget "NodeTests" */;
			buildPhases = (
				49E5DF9C2D73E83B00AEE302 /* Sources */,
				49E5DF9D2D73E83B00AEE302 /* Frameworks */,
				49E5DF9E2D73E83B00AEE302 /* Resources */,
			);
			buildRules = (
			);
			dependencies = (
				49E5DFA22D73E83B00AEE302 /* PBXTargetDependency */,
			);
			fileSystemSynchronizedGroups = (
				49E5DFA32D73E83B00AEE302 /* NodeTests */,
			);
			name = NodeTests;
			packageProductDependencies = (
			);
			productName = NodeTests;
			productReference = 49E5DFA02D73E83B00AEE302 /* NodeTests.xctest */;
			productType = "com.apple.product-type.bundle.unit-test";
		};
		49E5DFA92D73E83B00AEE302 /* NodeUITests */ = {
			isa = PBXNativeTarget;
			buildConfigurationList = 49E5DFBA2D73E83B00AEE302 /* Build configuration list for PBXNativeTarget "NodeUITests" */;
			buildPhases = (
				49E5DFA62D73E83B00AEE302 /* Sources */,
				49E5DFA72D73E83B00AEE302 /* Frameworks */,
				49E5DFA82D73E83B00AEE302 /* Resources */,
			);
			buildRules = (
			);
			dependencies = (
				49E5DFAC2D73E83B00AEE302 /* PBXTargetDependency */,
			);
			fileSystemSynchronizedGroups = (
				49E5DFAD2D73E83B00AEE302 /* NodeUITests */,
			);
			name = NodeUITests;
			packageProductDependencies = (
			);
			productName = NodeUITests;
			productReference = 49E5DFAA2D73E83B00AEE302 /* NodeUITests.xctest */;
			productType = "com.apple.product-type.bundle.ui-testing";
		};
/* End PBXNativeTarget section */

/* Begin PBXProject section */
		49E5DF872D73E83900AEE302 /* Project object */ = {
			isa = PBXProject;
			attributes = {
				BuildIndependentTargetsInParallel = 1;
				LastSwiftUpdateCheck = 1620;
				LastUpgradeCheck = 1620;
				TargetAttributes = {
					49E5DF8E2D73E83900AEE302 = {
						CreatedOnToolsVersion = 16.2;
					};
					49E5DF9F2D73E83B00AEE302 = {
						CreatedOnToolsVersion = 16.2;
						TestTargetID = 49E5DF8E2D73E83900AEE302;
					};
					49E5DFA92D73E83B00AEE302 = {
						CreatedOnToolsVersion = 16.2;
						TestTargetID = 49E5DF8E2D73E83900AEE302;
					};
				};
			};
			buildConfigurationList = 49E5DF8A2D73E83900AEE302 /* Build configuration list for PBXProject "Node" */;
			developmentRegion = en;
			hasScannedForEncodings = 0;
			knownRegions = (
				en,
				Base,
			);
			mainGroup = 49E5DF862D73E83900AEE302;
			minimizedProjectReferenceProxies = 1;
			preferredProjectObjectVersion = 77;
			productRefGroup = 49E5DF902D73E83900AEE302 /* Products */;
			projectDirPath = "";
			projectRoot = "";
			targets = (
				49E5DF8E2D73E83900AEE302 /* Node */,
				49E5DF9F2D73E83B00AEE302 /* NodeTests */,
				49E5DFA92D73E83B00AEE302 /* NodeUITests */,
			);
		};
/* End PBXProject section */

/* Begin PBXResourcesBuildPhase section */
		49E5DF8D2D73E83900AEE302 /* Resources */ = {
			isa = PBXResourcesBuildPhase;
			buildActionMask = 2147483647;
			files = (
			);
			runOnlyForDeploymentPostprocessing = 0;
		};
		49E5DF9E2D73E83B00AEE302 /* Resources */ = {
			isa = PBXResourcesBuildPhase;
			buildActionMask = 2147483647;
			files = (
			);
			runOnlyForDeploymentPostprocessing = 0;
		};
		49E5DFA82D73E83B00AEE302 /* Resources */ = {
			isa = PBXResourcesBuildPhase;
			buildActionMask = 2147483647;
			files = (
			);
			runOnlyForDeploymentPostprocessing = 0;
		};
/* End PBXResourcesBuildPhase section */

/* Begin PBXSourcesBuildPhase section */
		49E5DF8B2D73E83900AEE302 /* Sources */ = {
			isa = PBXSourcesBuildPhase;
			buildActionMask = 2147483647;
			files = (
			);
			runOnlyForDeploymentPostprocessing = 0;
		};
		49E5DF9C2D73E83B00AEE302 /* Sources */ = {
			isa = PBXSourcesBuildPhase;
			buildActionMask = 2147483647;
			files = (
			);
			runOnlyForDeploymentPostprocessing = 0;
		};
		49E5DFA62D73E83B00AEE302 /* Sources */ = {
			isa = PBXSourcesBuildPhase;
			buildActionMask = 2147483647;
			files = (
			);
			runOnlyForDeploymentPostprocessing = 0;
		};
/* End PBXSourcesBuildPhase section */

/* Begin PBXTargetDependency section */
		49E5DFA22D73E83B00AEE302 /* PBXTargetDependency */ = {
			isa = PBXTargetDependency;
			target = 49E5DF8E2D73E83900AEE302 /* Node */;
			targetProxy = 49E5DFA12D73E83B00AEE302 /* PBXContainerItemProxy */;
		};
		49E5DFAC2D73E83B00AEE302 /* PBXTargetDependency */ = {
			isa = PBXTargetDependency;
			target = 49E5DF8E2D73E83900AEE302 /* Node */;
			targetProxy = 49E5DFAB2D73E83B00AEE302 /* PBXContainerItemProxy */;
		};
/* End PBXTargetDependency section */

/* Begin XCBuildConfiguration section */
		49E5DFB22D73E83B00AEE302 /* Debug */ = {
			isa = XCBuildConfiguration;
			buildSettings = {
				ALWAYS_SEARCH_USER_PATHS = NO;
				ASSETCATALOG_COMPILER_GENERATE_SWIFT_ASSET_SYMBOL_EXTENSIONS = YES;
				CLANG_ANALYZER_NONNULL = YES;
				CLANG_ANALYZER_NUMBER_OBJECT_CONVERSION = YES_AGGRESSIVE;
				CLANG_CXX_LANGUAGE_STANDARD = "gnu++20";
				CLANG_ENABLE_MODULES = YES;
				CLANG_ENABLE_OBJC_ARC = YES;
				CLANG_ENABLE_OBJC_WEAK = YES;
				CLANG_WARN_BLOCK_CAPTURE_AUTORELEASING = YES;
				CLANG_WARN_BOOL_CONVERSION = YES;
				CLANG_WARN_COMMA = YES;
				CLANG_WARN_CONSTANT_CONVERSION = YES;
				CLANG_WARN_DEPRECATED_OBJC_IMPLEMENTATIONS = YES;
				CLANG_WARN_DIRECT_OBJC_ISA_USAGE = YES_ERROR;
				CLANG_WARN_DOCUMENTATION_COMMENTS = YES;
				CLANG_WARN_EMPTY_BODY = YES;
				CLANG_WARN_ENUM_CONVERSION = YES;
				CLANG_WARN_INFINITE_RECURSION = YES;
				CLANG_WARN_INT_CONVERSION = YES;
				CLANG_WARN_NON_LITERAL_NULL_CONVERSION = YES;
				CLANG_WARN_OBJC_IMPLICIT_RETAIN_SELF = YES;
				CLANG_WARN_OBJC_LITERAL_CONVERSION = YES;
				CLANG_WARN_OBJC_ROOT_CLASS = YES_ERROR;
				CLANG_WARN_QUOTED_INCLUDE_IN_FRAMEWORK_HEADER = YES;
				CLANG_WARN_RANGE_LOOP_ANALYSIS = YES;
				CLANG_WARN_STRICT_PROTOTYPES = YES;
				CLANG_WARN_SUSPICIOUS_MOVE = YES;
				CLANG_WARN_UNGUARDED_AVAILABILITY = YES_AGGRESSIVE;
				CLANG_WARN_UNREACHABLE_CODE = YES;
				CLANG_WARN__DUPLICATE_METHOD_MATCH = YES;
				COPY_PHASE_STRIP = NO;
				DEBUG_INFORMATION_FORMAT = dwarf;
				ENABLE_STRICT_OBJC_MSGSEND = YES;
				ENABLE_TESTABILITY = YES;
				ENABLE_USER_SCRIPT_SANDBOXING = YES;
				GCC_C_LANGUAGE_STANDARD = gnu17;
				GCC_DYNAMIC_NO_PIC = NO;
				GCC_NO_COMMON_BLOCKS = YES;
				GCC_OPTIMIZATION_LEVEL = 0;
				GCC_PREPROCESSOR_DEFINITIONS = (
					"DEBUG=1",
					"$(inherited)",
				);
				GCC_WARN_64_TO_32_BIT_CONVERSION = YES;
				GCC_WARN_ABOUT_RETURN_TYPE = YES_ERROR;
				GCC_WARN_UNDECLARED_SELECTOR = YES;
				GCC_WARN_UNINITIALIZED_AUTOS = YES_AGGRESSIVE;
				GCC_WARN_UNUSED_FUNCTION = YES;
				GCC_WARN_UNUSED_VARIABLE = YES;
				LOCALIZATION_PREFERS_STRING_CATALOGS = YES;
				MACOSX_DEPLOYMENT_TARGET = 14.5;
				MTL_ENABLE_DEBUG_INFO = INCLUDE_SOURCE;
				MTL_FAST_MATH = YES;
				ONLY_ACTIVE_ARCH = YES;
				SDKROOT = macosx;
				SWIFT_ACTIVE_COMPILATION_CONDITIONS = "DEBUG $(inherited)";
				SWIFT_OPTIMIZATION_LEVEL = "-Onone";
			};
			name = Debug;
		};
		49E5DFB32D73E83B00AEE302 /* Release */ = {
			isa = XCBuildConfiguration;
			buildSettings = {
				ALWAYS_SEARCH_USER_PATHS = NO;
				ASSETCATALOG_COMPILER_GENERATE_SWIFT_ASSET_SYMBOL_EXTENSIONS = YES;
				CLANG_ANALYZER_NONNULL = YES;
				CLANG_ANALYZER_NUMBER_OBJECT_CONVERSION = YES_AGGRESSIVE;
				CLANG_CXX_LANGUAGE_STANDARD = "gnu++20";
				CLANG_ENABLE_MODULES = YES;
				CLANG_ENABLE_OBJC_ARC = YES;
				CLANG_ENABLE_OBJC_WEAK = YES;
				CLANG_WARN_BLOCK_CAPTURE_AUTORELEASING = YES;
				CLANG_WARN_BOOL_CONVERSION = YES;
				CLANG_WARN_COMMA = YES;
				CLANG_WARN_CONSTANT_CONVERSION = YES;
				CLANG_WARN_DEPRECATED_OBJC_IMPLEMENTATIONS = YES;
				CLANG_WARN_DIRECT_OBJC_ISA_USAGE = YES_ERROR;
				CLANG_WARN_DOCUMENTATION_COMMENTS = YES;
				CLANG_WARN_EMPTY_BODY = YES;
				CLANG_WARN_ENUM_CONVERSION = YES;
				CLANG_WARN_INFINITE_RECURSION = YES;
				CLANG_WARN_INT_CONVERSION = YES;
				CLANG_WARN_NON_LITERAL_NULL_CONVERSION = YES;
				CLANG_WARN_OBJC_IMPLICIT_RETAIN_SELF = YES;
				CLANG_WARN_OBJC_LITERAL_CONVERSION = YES;
				CLANG_WARN_OBJC_ROOT_CLASS = YES_ERROR;
				CLANG_WARN_QUOTED_INCLUDE_IN_FRAMEWORK_HEADER = YES;
				CLANG_WARN_RANGE_LOOP_ANALYSIS = YES;
				CLANG_WARN_STRICT_PROTOTYPES = YES;
				CLANG_WARN_SUSPICIOUS_MOVE = YES;
				CLANG_WARN_UNGUARDED_AVAILABILITY = YES_AGGRESSIVE;
				CLANG_WARN_UNREACHABLE_CODE = YES;
				CLANG_WARN__DUPLICATE_METHOD_MATCH = YES;
				COPY_PHASE_STRIP = NO;
				DEBUG_INFORMATION_FORMAT = "dwarf-with-dsym";
				ENABLE_NS_ASSERTIONS = NO;
				ENABLE_STRICT_OBJC_MSGSEND = YES;
				ENABLE_USER_SCRIPT_SANDBOXING = YES;
				GCC_C_LANGUAGE_STANDARD = gnu17;
				GCC_NO_COMMON_BLOCKS = YES;
				GCC_WARN_64_TO_32_BIT_CONVERSION = YES;
				GCC_WARN_ABOUT_RETURN_TYPE = YES_ERROR;
				GCC_WARN_UNDECLARED_SELECTOR = YES;
				GCC_WARN_UNINITIALIZED_AUTOS = YES_AGGRESSIVE;
				GCC_WARN_UNUSED_FUNCTION = YES;
				GCC_WARN_UNUSED_VARIABLE = YES;
				LOCALIZATION_PREFERS_STRING_CATALOGS = YES;
				MACOSX_DEPLOYMENT_TARGET = 14.5;
				MTL_ENABLE_DEBUG_INFO = NO;
				MTL_FAST_MATH = YES;
				SDKROOT = macosx;
				SWIFT_COMPILATION_MODE = wholemodule;
			};
			name = Release;
		};
		49E5DFB52D73E83B00AEE302 /* Debug */ = {
			isa = XCBuildConfiguration;
			buildSettings = {
				ASSETCATALOG_COMPILER_APPICON_NAME = AppIcon;
				ASSETCATALOG_COMPILER_GLOBAL_ACCENT_COLOR_NAME = AccentColor;
				CODE_SIGN_ENTITLEMENTS = Node/Node.entitlements;
				CODE_SIGN_STYLE = Automatic;
				COMBINE_HIDPI_IMAGES = YES;
				CURRENT_PROJECT_VERSION = 1;
				DEVELOPMENT_ASSET_PATHS = "\"Node/Preview Content\"";
				DEVELOPMENT_TEAM = 75CJ388NR2;
				ENABLE_HARDENED_RUNTIME = YES;
				ENABLE_PREVIEWS = YES;
				GENERATE_INFOPLIST_FILE = YES;
				INFOPLIST_FILE = Node/Info.plist;
				INFOPLIST_KEY_LSUIElement = YES;
				INFOPLIST_KEY_NSHumanReadableCopyright = "";
				LD_RUNPATH_SEARCH_PATHS = (
					"$(inherited)",
					"@executable_path/../Frameworks",
				);
				MARKETING_VERSION = 1.0;
				PRODUCT_BUNDLE_IDENTIFIER = "Andrew-Hurlbut.Node";
				PRODUCT_NAME = "$(TARGET_NAME)";
				SWIFT_EMIT_LOC_STRINGS = YES;
				SWIFT_VERSION = 5.0;
			};
			name = Debug;
		};
		49E5DFB62D73E83B00AEE302 /* Release */ = {
			isa = XCBuildConfiguration;
			buildSettings = {
				ASSETCATALOG_COMPILER_APPICON_NAME = AppIcon;
				ASSETCATALOG_COMPILER_GLOBAL_ACCENT_COLOR_NAME = AccentColor;
				CODE_SIGN_ENTITLEMENTS = Node/Node.entitlements;
				CODE_SIGN_STYLE = Automatic;
				COMBINE_HIDPI_IMAGES = YES;
				CURRENT_PROJECT_VERSION = 1;
				DEVELOPMENT_ASSET_PATHS = "\"Node/Preview Content\"";
				DEVELOPMENT_TEAM = 75CJ388NR2;
				ENABLE_HARDENED_RUNTIME = YES;
				ENABLE_PREVIEWS = YES;
				GENERATE_INFOPLIST_FILE = YES;
				INFOPLIST_FILE = Node/Info.plist;
				INFOPLIST_KEY_LSUIElement = YES;
				INFOPLIST_KEY_NSHumanReadableCopyright = "";
				LD_RUNPATH_SEARCH_PATHS = (
					"$(inherited)",
					"@executable_path/../Frameworks",
				);
				MARKETING_VERSION = 1.0;
				PRODUCT_BUNDLE_IDENTIFIER = "Andrew-Hurlbut.Node";
				PRODUCT_NAME = "$(TARGET_NAME)";
				SWIFT_EMIT_LOC_STRINGS = YES;
				SWIFT_VERSION = 5.0;
			};
			name = Release;
		};
		49E5DFB82D73E83B00AEE302 /* Debug */ = {
			isa = XCBuildConfiguration;
			buildSettings = {
				BUNDLE_LOADER = "$(TEST_HOST)";
				CODE_SIGN_STYLE = Automatic;
				CURRENT_PROJECT_VERSION = 1;
				DEVELOPMENT_TEAM = 75CJ388NR2;
				GENERATE_INFOPLIST_FILE = YES;
				MACOSX_DEPLOYMENT_TARGET = 14.5;
				MARKETING_VERSION = 1.0;
				PRODUCT_BUNDLE_IDENTIFIER = "Andrew-Hurlbut.NodeTests";
				PRODUCT_NAME = "$(TARGET_NAME)";
				SWIFT_EMIT_LOC_STRINGS = NO;
				SWIFT_VERSION = 5.0;
				TEST_HOST = "$(BUILT_PRODUCTS_DIR)/Node.app/$(BUNDLE_EXECUTABLE_FOLDER_PATH)/Node";
			};
			name = Debug;
		};
		49E5DFB92D73E83B00AEE302 /* Release */ = {
			isa = XCBuildConfiguration;
			buildSettings = {
				BUNDLE_LOADER = "$(TEST_HOST)";
				CODE_SIGN_STYLE = Automatic;
				CURRENT_PROJECT_VERSION = 1;
				DEVELOPMENT_TEAM = 75CJ388NR2;
				GENERATE_INFOPLIST_FILE = YES;
				MACOSX_DEPLOYMENT_TARGET = 14.5;
				MARKETING_VERSION = 1.0;
				PRODUCT_BUNDLE_IDENTIFIER = "Andrew-Hurlbut.NodeTests";
				PRODUCT_NAME = "$(TARGET_NAME)";
				SWIFT_EMIT_LOC_STRINGS = NO;
				SWIFT_VERSION = 5.0;
				TEST_HOST = "$(BUILT_PRODUCTS_DIR)/Node.app/$(BUNDLE_EXECUTABLE_FOLDER_PATH)/Node";
			};
			name = Release;
		};
		49E5DFBB2D73E83B00AEE302 /* Debug */ = {
			isa = XCBuildConfiguration;
			buildSettings = {
				CODE_SIGN_STYLE = Automatic;
				CURRENT_PROJECT_VERSION = 1;
				GENERATE_INFOPLIST_FILE = YES;
				MARKETING_VERSION = 1.0;
				PRODUCT_BUNDLE_IDENTIFIER = "Andrew-Hurlbut.NodeUITests";
				PRODUCT_NAME = "$(TARGET_NAME)";
				SWIFT_EMIT_LOC_STRINGS = NO;
				SWIFT_VERSION = 5.0;
				TEST_TARGET_NAME = Node;
			};
			name = Debug;
		};
		49E5DFBC2D73E83B00AEE302 /* Release */ = {
			isa = XCBuildConfiguration;
			buildSettings = {
				CODE_SIGN_STYLE = Automatic;
				CURRENT_PROJECT_VERSION = 1;
				GENERATE_INFOPLIST_FILE = YES;
				MARKETING_VERSION = 1.0;
				PRODUCT_BUNDLE_IDENTIFIER = "Andrew-Hurlbut.NodeUITests";
				PRODUCT_NAME = "$(TARGET_NAME)";
				SWIFT_EMIT_LOC_STRINGS = NO;
				SWIFT_VERSION = 5.0;
				TEST_TARGET_NAME = Node;
			};
			name = Release;
		};
/* End XCBuildConfiguration section */

/* Begin XCConfigurationList section */
		49E5DF8A2D73E83900AEE302 /* Build configuration list for PBXProject "Node" */ = {
			isa = XCConfigurationList;
			buildConfigurations = (
				49E5DFB22D73E83B00AEE302 /* Debug */,
				49E5DFB32D73E83B00AEE302 /* Release */,
			);
			defaultConfigurationIsVisible = 0;
			defaultConfigurationName = Release;
		};
		49E5DFB42D73E83B00AEE302 /* Build configuration list for PBXNativeTarget "Node" */ = {
			isa = XCConfigurationList;
			buildConfigurations = (
				49E5DFB52D73E83B00AEE302 /* Debug */,
				49E5DFB62D73E83B00AEE302 /* Release */,
			);
			defaultConfigurationIsVisible = 0;
			defaultConfigurationName = Release;
		};
		49E5DFB72D73E83B00AEE302 /* Build configuration list for PBXNativeTarget "NodeTests" */ = {
			isa = XCConfigurationList;
			buildConfigurations = (
				49E5DFB82D73E83B00AEE302 /* Debug */,
				49E5DFB92D73E83B00AEE302 /* Release */,
			);
			defaultConfigurationIsVisible = 0;
			defaultConfigurationName = Release;
		};
		49E5DFBA2D73E83B00AEE302 /* Build configuration list for PBXNativeTarget "NodeUITests" */ = {
			isa = XCConfigurationList;
			buildConfigurations = (
				49E5DFBB2D73E83B00AEE302 /* Debug */,
				49E5DFBC2D73E83B00AEE302 /* Release */,
			);
			defaultConfigurationIsVisible = 0;
			defaultConfigurationName = Release;
		};
/* End XCConfigurationList section */
	};
	rootObject = 49E5DF872D73E83900AEE302 /* Project object */;
}
